
Microsoft Visual Studio Solution File, Format Version 12.00
# Visual Studio Version 16
VisualStudioVersion = 16.0.33529.622
MinimumVisualStudioVersion = 10.0.40219.1
Project("{FC65038C-1B2F-41E1-A629-BED71D161FFF}") = "FleetManagementEntityProject (ISV) [Fleet Management]", "FleetManagementEntityProject\FleetManagementEntityProject.rnrproj", "{50E2B1F7-0632-4980-9A12-777E28AD7A58}"
EndProject
Global
	GlobalSection(SolutionConfigurationPlatforms) = preSolution
		Debug|Any CPU = Debug|Any CPU
	EndGlobalSection
	GlobalSection(ProjectConfigurationPlatforms) = postSolution
		{50E2B1F7-0632-4980-9A12-777E28AD7A58}.Debug|Any CPU.ActiveCfg = Debug|Any CPU
		{50E2B1F7-0632-4980-9A12-777E28AD7A58}.Debug|Any CPU.Build.0 = Debug|Any CPU
	EndGlobalSection
	GlobalSection(SolutionProperties) = preSolution
		HideSolutionNode = FALSE
	EndGlobalSection
	GlobalSection(ExtensibilityGlobals) = postSolution
		SolutionGuid = {EB1EEA9E-F631-4A8F-9960-05C88C7B35DB}
	EndGlobalSection
EndGlobal
